
Microsoft Visual Studio Solution File, Format Version 12.00
Project("{FAE04EC0-301F-11D3-BF4B-00C04F79EFBC}") = "Rocky", "Rocky\Rocky.csproj", "{30971975-3C91-452C-9970-ED9CC25A0559}"
EndProject
Project("{FAE04EC0-301F-11D3-BF4B-00C04F79EFBC}") = "Rocky_Utility", "Rocky_Utility\Rocky_Utility.csproj", "{7B3E5692-FBD8-4272-BF19-236260231C63}"
EndProject
Global
	GlobalSection(SolutionConfigurationPlatforms) = preSolution
		Debug|Any CPU = Debug|Any CPU
		Release|Any CPU = Release|Any CPU
	EndGlobalSection
	GlobalSection(ProjectConfigurationPlatforms) = postSolution
		{30971975-3C91-452C-9970-ED9CC25A0559}.Debug|Any CPU.ActiveCfg = Debug|Any CPU
		{30971975-3C91-452C-9970-ED9CC25A0559}.Debug|Any CPU.Build.0 = Debug|Any CPU
		{30971975-3C91-452C-9970-ED9CC25A0559}.Release|Any CPU.ActiveCfg = Release|Any CPU
		{30971975-3C91-452C-9970-ED9CC25A0559}.Release|Any CPU.Build.0 = Release|Any CPU
		{7B3E5692-FBD8-4272-BF19-236260231C63}.Debug|Any CPU.ActiveCfg = Debug|Any CPU
		{7B3E5692-FBD8-4272-BF19-236260231C63}.Debug|Any CPU.Build.0 = Debug|Any CPU
		{7B3E5692-FBD8-4272-BF19-236260231C63}.Release|Any CPU.ActiveCfg = Release|Any CPU
		{7B3E5692-FBD8-4272-BF19-236260231C63}.Release|Any CPU.Build.0 = Release|Any CPU
	EndGlobalSection
EndGlobal
